{
    "_readme": [
        "This file locks the dependencies of your project to a known state",
        "Read more about it at https://getcomposer.org/doc/01-basic-usage.md#installing-dependencies",
        "This file is @generated automatically"
    ],
    "content-hash": "5382e1d9e37c407f21d94d3b2d1bb496",
    "packages": [
        {
            "name": "kodus/mail",
            "version": "1.0.1",
            "source": {
                "type": "git",
                "url": "https://github.com/kodus/mail.git",
                "reference": "2333b01006a2ba3971487e30e7aeb9733d61435f"
            },
            "dist": {
                "type": "zip",
                "url": "https://api.github.com/repos/kodus/mail/zipball/2333b01006a2ba3971487e30e7aeb9733d61435f",
                "reference": "2333b01006a2ba3971487e30e7aeb9733d61435f",
                "shasum": "",
                "mirrors": [
                    {
                        "url": "https://repo.packagist.com/stefnadev/dists/%package%/%version%/r%reference%.%type%",
                        "preferred": true
                    }
                ]
            },
            "require": {
                "php": ">= 7.1",
                "psr/log": "^1"
            },
            "require-dev": {
                "codeception/codeception": "^2"
            },
            "type": "library",
            "autoload": {
                "psr-4": {
                    "Kodus\\Mail\\": "src/"
                }
            },
            "notification-url": "https://repo.packagist.com/stefnadev/downloads/",
            "license": [
                "MIT"
            ],
            "authors": [
                {
                    "name": "Rasmus Schultz",
                    "email": "rasc@jfmedier.dk",
                    "role": "Developer"
                }
            ],
            "description": "Simple, modern library of services for sending UTF-8 e-mail",
            "support": {
                "issues": "https://github.com/kodus/mail/issues",
                "source": "https://github.com/kodus/mail/tree/master"
            },
            "time": "2019-01-30T07:40:26+00:00"
        },
        {
            "name": "psr/log",
            "version": "1.1.4",
            "source": {
                "type": "git",
                "url": "https://github.com/php-fig/log.git",
                "reference": "d49695b909c3b7628b6289db5479a1c204601f11"
            },
            "dist": {
                "type": "zip",
                "url": "https://api.github.com/repos/php-fig/log/zipball/d49695b909c3b7628b6289db5479a1c204601f11",
                "reference": "d49695b909c3b7628b6289db5479a1c204601f11",
                "shasum": "",
                "mirrors": [
                    {
                        "url": "https://repo.packagist.com/stefnadev/dists/%package%/%version%/r%reference%.%type%",
                        "preferred": true
                    }
                ]
            },
            "require": {
                "php": ">=5.3.0"
            },
            "type": "library",
            "extra": {
                "branch-alias": {
                    "dev-master": "1.1.x-dev"
                }
            },
            "autoload": {
                "psr-4": {
                    "Psr\\Log\\": "Psr/Log/"
                }
            },
            "notification-url": "https://repo.packagist.com/stefnadev/downloads/",
            "license": [
                "MIT"
            ],
            "authors": [
                {
                    "name": "PHP-FIG",
                    "homepage": "https://www.php-fig.org/"
                }
            ],
            "description": "Common interface for logging libraries",
            "homepage": "https://github.com/php-fig/log",
            "keywords": [
                "log",
                "psr",
                "psr-3"
            ],
            "support": {
                "source": "https://github.com/php-fig/log/tree/1.1.4"
            },
            "time": "2021-05-03T11:20:27+00:00"
        }
    ],
    "packages-dev": [
        {
            "name": "async-aws/core",
            "version": "1.12.0",
            "source": {
                "type": "git",
                "url": "https://github.com/async-aws/core.git",
                "reference": "f9af6e756d7fd007b268675bd50af51112b43f7c"
            },
            "dist": {
                "type": "zip",
                "url": "https://api.github.com/repos/async-aws/core/zipball/f9af6e756d7fd007b268675bd50af51112b43f7c",
                "reference": "f9af6e756d7fd007b268675bd50af51112b43f7c",
                "shasum": "",
                "mirrors": [
                    {
                        "url": "https://repo.packagist.com/stefnadev/dists/%package%/%version%/r%reference%.%type%",
                        "preferred": true
                    }
                ]
            },
            "require": {
                "ext-hash": "*",
                "ext-json": "*",
                "ext-simplexml": "*",
                "php": "^7.2.5 || ^8.0",
                "psr/cache": "^1.0 || ^2.0 || ^3.0",
                "psr/log": "^1.0 || ^2.0 || ^3.0",
                "symfony/deprecation-contracts": "^2.1 || ^3.0",
                "symfony/http-client": "^4.4.16 || ^5.1.7,!=5.2.0 || ^6.0",
                "symfony/http-client-contracts": "^1.1.8 || ^2.0 || ^3.0",
                "symfony/service-contracts": "^1.0 || ^2.0 || ^3.0"
            },
            "conflict": {
                "async-aws/s3": "<1.1"
            },
            "type": "library",
            "extra": {
                "branch-alias": {
                    "dev-master": "1.12-dev"
                }
            },
            "autoload": {
                "psr-4": {
                    "AsyncAws\\Core\\": "src"
                }
            },
            "notification-url": "https://repo.packagist.com/stefnadev/downloads/",
            "license": [
                "MIT"
            ],
            "description": "Core package to integrate with AWS. This is a lightweight AWS SDK provider by AsyncAws.",
            "keywords": [
                "amazon",
                "async-aws",
                "aws",
                "sdk",
                "sts"
            ],
            "support": {
                "source": "https://github.com/async-aws/core/tree/1.12.0"
            },
            "funding": [
                {
                    "url": "https://github.com/jderusse",
                    "type": "github"
                },
                {
                    "url": "https://github.com/nyholm",
                    "type": "github"
                }
            ],
            "time": "2021-10-02T11:41:51+00:00"
        },
        {
            "name": "async-aws/ses",
            "version": "1.4.1",
            "source": {
                "type": "git",
                "url": "https://github.com/async-aws/ses.git",
                "reference": "82d7f934776e02e0c61422222abe944a183934fc"
            },
            "dist": {
                "type": "zip",
                "url": "https://api.github.com/repos/async-aws/ses/zipball/82d7f934776e02e0c61422222abe944a183934fc",
                "reference": "82d7f934776e02e0c61422222abe944a183934fc",
                "shasum": "",
                "mirrors": [
                    {
                        "url": "https://repo.packagist.com/stefnadev/dists/%package%/%version%/r%reference%.%type%",
                        "preferred": true
                    }
                ]
            },
            "require": {
                "async-aws/core": "^1.9",
                "ext-json": "*",
                "php": "^7.2.5 || ^8.0"
            },
            "type": "library",
            "extra": {
                "branch-alias": {
                    "dev-master": "1.5-dev"
                }
            },
            "autoload": {
                "psr-4": {
                    "AsyncAws\\Ses\\": "src"
                }
            },
            "notification-url": "https://repo.packagist.com/stefnadev/downloads/",
            "license": [
                "MIT"
            ],
            "description": "SES client, part of the AWS SDK provided by AsyncAws.",
            "keywords": [
                "amazon",
                "async-aws",
                "aws",
                "sdk",
                "ses"
            ],
            "support": {
                "source": "https://github.com/async-aws/ses/tree/1.4.1"
            },
            "funding": [
                {
                    "url": "https://github.com/jderusse",
                    "type": "github"
                },
                {
                    "url": "https://github.com/nyholm",
                    "type": "github"
                }
            ],
            "time": "2021-10-02T11:41:51+00:00"
        },
        {
            "name": "phpstan/phpstan",
            "version": "0.12.99",
            "source": {
                "type": "git",
                "url": "https://github.com/phpstan/phpstan.git",
                "reference": "b4d40f1d759942f523be267a1bab6884f46ca3f7"
            },
            "dist": {
                "type": "zip",
                "url": "https://api.github.com/repos/phpstan/phpstan/zipball/b4d40f1d759942f523be267a1bab6884f46ca3f7",
                "reference": "b4d40f1d759942f523be267a1bab6884f46ca3f7",
                "shasum": "",
                "mirrors": [
                    {
                        "url": "https://repo.packagist.com/stefnadev/dists/%package%/%version%/r%reference%.%type%",
                        "preferred": true
                    }
                ]
            },
            "require": {
                "php": "^7.1|^8.0"
            },
            "conflict": {
                "phpstan/phpstan-shim": "*"
            },
            "bin": [
                "phpstan",
                "phpstan.phar"
            ],
            "type": "library",
            "extra": {
                "branch-alias": {
                    "dev-master": "0.12-dev"
                }
            },
            "autoload": {
                "files": [
                    "bootstrap.php"
                ]
            },
            "notification-url": "https://repo.packagist.com/stefnadev/downloads/",
            "license": [
                "MIT"
            ],
            "description": "PHPStan - PHP Static Analysis Tool",
            "support": {
                "issues": "https://github.com/phpstan/phpstan/issues",
                "source": "https://github.com/phpstan/phpstan/tree/0.12.99"
            },
            "funding": [
                {
                    "url": "https://github.com/ondrejmirtes",
                    "type": "github"
                },
                {
                    "url": "https://github.com/phpstan",
                    "type": "github"
                },
                {
                    "url": "https://www.patreon.com/phpstan",
                    "type": "patreon"
                },
                {
                    "url": "https://tidelift.com/funding/github/packagist/phpstan/phpstan",
                    "type": "tidelift"
                }
            ],
            "time": "2021-09-12T20:09:55+00:00"
        },
        {
            "name": "psr/cache",
            "version": "3.0.0",
            "source": {
                "type": "git",
                "url": "https://github.com/php-fig/cache.git",
                "reference": "aa5030cfa5405eccfdcb1083ce040c2cb8d253bf"
            },
            "dist": {
                "type": "zip",
                "url": "https://api.github.com/repos/php-fig/cache/zipball/aa5030cfa5405eccfdcb1083ce040c2cb8d253bf",
                "reference": "aa5030cfa5405eccfdcb1083ce040c2cb8d253bf",
                "shasum": "",
                "mirrors": [
                    {
                        "url": "https://repo.packagist.com/stefnadev/dists/%package%/%version%/r%reference%.%type%",
                        "preferred": true
                    }
                ]
            },
            "require": {
                "php": ">=8.0.0"
            },
            "type": "library",
            "extra": {
                "branch-alias": {
                    "dev-master": "1.0.x-dev"
                }
            },
            "autoload": {
                "psr-4": {
                    "Psr\\Cache\\": "src/"
                }
            },
            "notification-url": "https://repo.packagist.com/stefnadev/downloads/",
            "license": [
                "MIT"
            ],
            "authors": [
                {
                    "name": "PHP-FIG",
                    "homepage": "https://www.php-fig.org/"
                }
            ],
            "description": "Common interface for caching libraries",
            "keywords": [
                "cache",
                "psr",
                "psr-6"
            ],
            "support": {
                "source": "https://github.com/php-fig/cache/tree/3.0.0"
            },
            "time": "2021-02-03T23:26:27+00:00"
        },
        {
            "name": "psr/container",
            "version": "1.1.2",
            "source": {
                "type": "git",
                "url": "https://github.com/php-fig/container.git",
                "reference": "513e0666f7216c7459170d56df27dfcefe1689ea"
            },
            "dist": {
                "type": "zip",
                "url": "https://api.github.com/repos/php-fig/container/zipball/513e0666f7216c7459170d56df27dfcefe1689ea",
                "reference": "513e0666f7216c7459170d56df27dfcefe1689ea",
                "shasum": "",
                "mirrors": [
                    {
                        "url": "https://repo.packagist.com/stefnadev/dists/%package%/%version%/r%reference%.%type%",
                        "preferred": true
                    }
                ]
            },
            "require": {
                "php": ">=7.4.0"
            },
            "type": "library",
            "autoload": {
                "psr-4": {
                    "Psr\\Container\\": "src/"
                }
            },
            "notification-url": "https://repo.packagist.com/stefnadev/downloads/",
            "license": [
                "MIT"
            ],
            "authors": [
                {
                    "name": "PHP-FIG",
                    "homepage": "https://www.php-fig.org/"
                }
            ],
            "description": "Common Container Interface (PHP FIG PSR-11)",
            "homepage": "https://github.com/php-fig/container",
            "keywords": [
                "PSR-11",
                "container",
                "container-interface",
                "container-interop",
                "psr"
            ],
            "support": {
                "issues": "https://github.com/php-fig/container/issues",
                "source": "https://github.com/php-fig/container/tree/1.1.2"
            },
            "time": "2021-11-05T16:50:12+00:00"
        },
        {
            "name": "squizlabs/php_codesniffer",
            "version": "3.6.1",
            "source": {
                "type": "git",
                "url": "https://github.com/squizlabs/PHP_CodeSniffer.git",
                "reference": "f268ca40d54617c6e06757f83f699775c9b3ff2e"
            },
            "dist": {
                "type": "zip",
                "url": "https://api.github.com/repos/squizlabs/PHP_CodeSniffer/zipball/f268ca40d54617c6e06757f83f699775c9b3ff2e",
                "reference": "f268ca40d54617c6e06757f83f699775c9b3ff2e",
                "shasum": "",
                "mirrors": [
                    {
                        "url": "https://repo.packagist.com/stefnadev/dists/%package%/%version%/r%reference%.%type%",
                        "preferred": true
                    }
                ]
            },
            "require": {
                "ext-simplexml": "*",
                "ext-tokenizer": "*",
                "ext-xmlwriter": "*",
                "php": ">=5.4.0"
            },
            "require-dev": {
                "phpunit/phpunit": "^4.0 || ^5.0 || ^6.0 || ^7.0"
            },
            "bin": [
                "bin/phpcs",
                "bin/phpcbf"
            ],
            "type": "library",
            "extra": {
                "branch-alias": {
                    "dev-master": "3.x-dev"
                }
            },
            "notification-url": "https://repo.packagist.com/stefnadev/downloads/",
            "license": [
                "BSD-3-Clause"
            ],
            "authors": [
                {
                    "name": "Greg Sherwood",
                    "role": "lead"
                }
            ],
            "description": "PHP_CodeSniffer tokenizes PHP, JavaScript and CSS files and detects violations of a defined set of coding standards.",
            "homepage": "https://github.com/squizlabs/PHP_CodeSniffer",
            "keywords": [
                "phpcs",
                "standards"
            ],
            "support": {
                "issues": "https://github.com/squizlabs/PHP_CodeSniffer/issues",
                "source": "https://github.com/squizlabs/PHP_CodeSniffer",
                "wiki": "https://github.com/squizlabs/PHP_CodeSniffer/wiki"
            },
            "time": "2021-10-11T04:00:11+00:00"
        },
        {
            "name": "stefna/codestyle",
            "version": "1.11.1",
            "source": {
                "type": "git",
                "url": "https://github.com/stefna/codestyle.git",
                "reference": "1e7f158fcb70c6ff976e1e74d52c3dd63c2b6b99"
            },
            "dist": {
                "type": "zip",
                "url": "https://api.github.com/repos/stefna/codestyle/zipball/1e7f158fcb70c6ff976e1e74d52c3dd63c2b6b99",
                "reference": "1e7f158fcb70c6ff976e1e74d52c3dd63c2b6b99",
                "shasum": "",
                "mirrors": [
                    {
                        "url": "https://repo.packagist.com/stefnadev/dists/%package%/%version%/r%reference%.%type%",
                        "preferred": true
                    }
                ]
            },
            "require": {
                "php": "^7.1 || ^8.0",
                "squizlabs/php_codesniffer": "^3.0.0"
            },
            "bin": [
                "bin/stefna-hook-install"
            ],
            "type": "library",
            "autoload": {
                "psr-4": {
                    "Stefna\\": "src/Stefna/"
                }
            },
            "notification-url": "https://repo.packagist.com/stefnadev/downloads/",
            "authors": [
                {
                    "name": "Andreas",
                    "email": "andreas@stefna.is"
                }
            ],
            "description": "Custom php sniffer for stefna",
            "support": {
                "issues": "https://github.com/stefna/codestyle/issues",
                "source": "https://github.com/stefna/codestyle/tree/1.11.1"
            },
            "time": "2021-05-04T14:22:43+00:00"
        },
        {
            "name": "symfony/deprecation-contracts",
            "version": "v2.4.0",
            "source": {
                "type": "git",
                "url": "https://github.com/symfony/deprecation-contracts.git",
                "reference": "5f38c8804a9e97d23e0c8d63341088cd8a22d627"
            },
            "dist": {
                "type": "zip",
                "url": "https://api.github.com/repos/symfony/deprecation-contracts/zipball/5f38c8804a9e97d23e0c8d63341088cd8a22d627",
                "reference": "5f38c8804a9e97d23e0c8d63341088cd8a22d627",
                "shasum": "",
                "mirrors": [
                    {
                        "url": "https://repo.packagist.com/stefnadev/dists/%package%/%version%/r%reference%.%type%",
                        "preferred": true
                    }
                ]
            },
            "require": {
                "php": ">=7.1"
            },
            "type": "library",
            "extra": {
                "branch-alias": {
                    "dev-main": "2.4-dev"
                },
                "thanks": {
                    "name": "symfony/contracts",
                    "url": "https://github.com/symfony/contracts"
                }
            },
            "autoload": {
                "files": [
                    "function.php"
                ]
            },
            "notification-url": "https://repo.packagist.com/stefnadev/downloads/",
            "license": [
                "MIT"
            ],
            "authors": [
                {
                    "name": "Nicolas Grekas",
                    "email": "p@tchwork.com"
                },
                {
                    "name": "Symfony Community",
                    "homepage": "https://symfony.com/contributors"
                }
            ],
            "description": "A generic function and convention to trigger deprecation notices",
            "homepage": "https://symfony.com",
            "support": {
                "source": "https://github.com/symfony/deprecation-contracts/tree/v2.4.0"
            },
            "funding": [
                {
                    "url": "https://symfony.com/sponsor",
                    "type": "custom"
                },
                {
                    "url": "https://github.com/fabpot",
                    "type": "github"
                },
                {
                    "url": "https://tidelift.com/funding/github/packagist/symfony/symfony",
                    "type": "tidelift"
                }
            ],
            "time": "2021-03-23T23:28:01+00:00"
        },
        {
            "name": "symfony/http-client",
            "version": "v5.3.10",
            "source": {
                "type": "git",
                "url": "https://github.com/symfony/http-client.git",
                "reference": "710b69ed4bc9469900ec5ae5c3807b0509bee0dc"
            },
            "dist": {
                "type": "zip",
                "url": "https://api.github.com/repos/symfony/http-client/zipball/710b69ed4bc9469900ec5ae5c3807b0509bee0dc",
                "reference": "710b69ed4bc9469900ec5ae5c3807b0509bee0dc",
                "shasum": "",
                "mirrors": [
                    {
                        "url": "https://repo.packagist.com/stefnadev/dists/%package%/%version%/r%reference%.%type%",
                        "preferred": true
                    }
                ]
            },
            "require": {
                "php": ">=7.2.5",
                "psr/log": "^1|^2|^3",
                "symfony/deprecation-contracts": "^2.1",
                "symfony/http-client-contracts": "^2.4",
                "symfony/polyfill-php73": "^1.11",
                "symfony/polyfill-php80": "^1.16",
                "symfony/service-contracts": "^1.0|^2"
            },
            "provide": {
                "php-http/async-client-implementation": "*",
                "php-http/client-implementation": "*",
                "psr/http-client-implementation": "1.0",
                "symfony/http-client-implementation": "2.4"
            },
            "require-dev": {
                "amphp/amp": "^2.5",
                "amphp/http-client": "^4.2.1",
                "amphp/http-tunnel": "^1.0",
                "amphp/socket": "^1.1",
                "guzzlehttp/promises": "^1.4",
                "nyholm/psr7": "^1.0",
                "php-http/httplug": "^1.0|^2.0",
                "psr/http-client": "^1.0",
                "symfony/dependency-injection": "^4.4|^5.0",
                "symfony/http-kernel": "^4.4.13|^5.1.5",
                "symfony/process": "^4.4|^5.0",
                "symfony/stopwatch": "^4.4|^5.0"
            },
            "type": "library",
            "autoload": {
                "psr-4": {
                    "Symfony\\Component\\HttpClient\\": ""
                },
                "exclude-from-classmap": [
                    "/Tests/"
                ]
            },
            "notification-url": "https://repo.packagist.com/stefnadev/downloads/",
            "license": [
                "MIT"
            ],
            "authors": [
                {
                    "name": "Nicolas Grekas",
                    "email": "p@tchwork.com"
                },
                {
                    "name": "Symfony Community",
                    "homepage": "https://symfony.com/contributors"
                }
            ],
            "description": "Provides powerful methods to fetch HTTP resources synchronously or asynchronously",
            "homepage": "https://symfony.com",
            "support": {
                "source": "https://github.com/symfony/http-client/tree/v5.3.10"
            },
            "funding": [
                {
                    "url": "https://symfony.com/sponsor",
                    "type": "custom"
                },
                {
                    "url": "https://github.com/fabpot",
                    "type": "github"
                },
                {
                    "url": "https://tidelift.com/funding/github/packagist/symfony/symfony",
                    "type": "tidelift"
                }
            ],
            "time": "2021-10-19T08:32:53+00:00"
        },
        {
            "name": "symfony/http-client-contracts",
            "version": "v2.4.0",
            "source": {
                "type": "git",
                "url": "https://github.com/symfony/http-client-contracts.git",
                "reference": "7e82f6084d7cae521a75ef2cb5c9457bbda785f4"
            },
            "dist": {
                "type": "zip",
                "url": "https://api.github.com/repos/symfony/http-client-contracts/zipball/7e82f6084d7cae521a75ef2cb5c9457bbda785f4",
                "reference": "7e82f6084d7cae521a75ef2cb5c9457bbda785f4",
                "shasum": "",
                "mirrors": [
                    {
                        "url": "https://repo.packagist.com/stefnadev/dists/%package%/%version%/r%reference%.%type%",
                        "preferred": true
                    }
                ]
            },
            "require": {
                "php": ">=7.2.5"
            },
            "suggest": {
                "symfony/http-client-implementation": ""
            },
            "type": "library",
            "extra": {
                "branch-alias": {
                    "dev-main": "2.4-dev"
                },
                "thanks": {
                    "name": "symfony/contracts",
                    "url": "https://github.com/symfony/contracts"
                }
            },
            "autoload": {
                "psr-4": {
                    "Symfony\\Contracts\\HttpClient\\": ""
                }
            },
            "notification-url": "https://repo.packagist.com/stefnadev/downloads/",
            "license": [
                "MIT"
            ],
            "authors": [
                {
                    "name": "Nicolas Grekas",
                    "email": "p@tchwork.com"
                },
                {
                    "name": "Symfony Community",
                    "homepage": "https://symfony.com/contributors"
                }
            ],
            "description": "Generic abstractions related to HTTP clients",
            "homepage": "https://symfony.com",
            "keywords": [
                "abstractions",
                "contracts",
                "decoupling",
                "interfaces",
                "interoperability",
                "standards"
            ],
            "support": {
                "source": "https://github.com/symfony/http-client-contracts/tree/v2.4.0"
            },
            "funding": [
                {
                    "url": "https://symfony.com/sponsor",
                    "type": "custom"
                },
                {
                    "url": "https://github.com/fabpot",
                    "type": "github"
                },
                {
                    "url": "https://tidelift.com/funding/github/packagist/symfony/symfony",
                    "type": "tidelift"
                }
            ],
            "time": "2021-04-11T23:07:08+00:00"
        },
        {
            "name": "symfony/polyfill-php73",
            "version": "v1.23.0",
            "source": {
                "type": "git",
                "url": "https://github.com/symfony/polyfill-php73.git",
                "reference": "fba8933c384d6476ab14fb7b8526e5287ca7e010"
            },
            "dist": {
                "type": "zip",
                "url": "https://api.github.com/repos/symfony/polyfill-php73/zipball/fba8933c384d6476ab14fb7b8526e5287ca7e010",
                "reference": "fba8933c384d6476ab14fb7b8526e5287ca7e010",
                "shasum": "",
                "mirrors": [
                    {
                        "url": "https://repo.packagist.com/stefnadev/dists/%package%/%version%/r%reference%.%type%",
                        "preferred": true
                    }
                ]
            },
            "require": {
                "php": ">=7.1"
            },
            "type": "library",
            "extra": {
                "branch-alias": {
                    "dev-main": "1.23-dev"
                },
                "thanks": {
                    "name": "symfony/polyfill",
                    "url": "https://github.com/symfony/polyfill"
                }
            },
            "autoload": {
                "psr-4": {
                    "Symfony\\Polyfill\\Php73\\": ""
                },
                "files": [
                    "bootstrap.php"
                ],
                "classmap": [
                    "Resources/stubs"
                ]
            },
            "notification-url": "https://repo.packagist.com/stefnadev/downloads/",
            "license": [
                "MIT"
            ],
            "authors": [
                {
                    "name": "Nicolas Grekas",
                    "email": "p@tchwork.com"
                },
                {
                    "name": "Symfony Community",
                    "homepage": "https://symfony.com/contributors"
                }
            ],
            "description": "Symfony polyfill backporting some PHP 7.3+ features to lower PHP versions",
            "homepage": "https://symfony.com",
            "keywords": [
                "compatibility",
                "polyfill",
                "portable",
                "shim"
            ],
            "support": {
                "source": "https://github.com/symfony/polyfill-php73/tree/v1.23.0"
            },
            "funding": [
                {
                    "url": "https://symfony.com/sponsor",
                    "type": "custom"
                },
                {
                    "url": "https://github.com/fabpot",
                    "type": "github"
                },
                {
                    "url": "https://tidelift.com/funding/github/packagist/symfony/symfony",
                    "type": "tidelift"
                }
            ],
            "time": "2021-02-19T12:13:01+00:00"
        },
        {
            "name": "symfony/polyfill-php80",
            "version": "v1.23.1",
            "source": {
                "type": "git",
                "url": "https://github.com/symfony/polyfill-php80.git",
                "reference": "1100343ed1a92e3a38f9ae122fc0eb21602547be"
            },
            "dist": {
                "type": "zip",
                "url": "https://api.github.com/repos/symfony/polyfill-php80/zipball/1100343ed1a92e3a38f9ae122fc0eb21602547be",
                "reference": "1100343ed1a92e3a38f9ae122fc0eb21602547be",
                "shasum": "",
                "mirrors": [
                    {
                        "url": "https://repo.packagist.com/stefnadev/dists/%package%/%version%/r%reference%.%type%",
                        "preferred": true
                    }
                ]
            },
            "require": {
                "php": ">=7.1"
            },
            "type": "library",
            "extra": {
                "branch-alias": {
                    "dev-main": "1.23-dev"
                },
                "thanks": {
                    "name": "symfony/polyfill",
                    "url": "https://github.com/symfony/polyfill"
                }
            },
            "autoload": {
                "psr-4": {
                    "Symfony\\Polyfill\\Php80\\": ""
                },
                "files": [
                    "bootstrap.php"
                ],
                "classmap": [
                    "Resources/stubs"
                ]
            },
            "notification-url": "https://repo.packagist.com/stefnadev/downloads/",
            "license": [
                "MIT"
            ],
            "authors": [
                {
                    "name": "Ion Bazan",
                    "email": "ion.bazan@gmail.com"
                },
                {
                    "name": "Nicolas Grekas",
                    "email": "p@tchwork.com"
                },
                {
                    "name": "Symfony Community",
                    "homepage": "https://symfony.com/contributors"
                }
            ],
            "description": "Symfony polyfill backporting some PHP 8.0+ features to lower PHP versions",
            "homepage": "https://symfony.com",
            "keywords": [
                "compatibility",
                "polyfill",
                "portable",
                "shim"
            ],
            "support": {
                "source": "https://github.com/symfony/polyfill-php80/tree/v1.23.1"
            },
            "funding": [
                {
                    "url": "https://symfony.com/sponsor",
                    "type": "custom"
                },
                {
                    "url": "https://github.com/fabpot",
                    "type": "github"
                },
                {
                    "url": "https://tidelift.com/funding/github/packagist/symfony/symfony",
                    "type": "tidelift"
                }
            ],
            "time": "2021-07-28T13:41:28+00:00"
        },
        {
            "name": "symfony/service-contracts",
            "version": "v2.4.0",
            "source": {
                "type": "git",
                "url": "https://github.com/symfony/service-contracts.git",
                "reference": "f040a30e04b57fbcc9c6cbcf4dbaa96bd318b9bb"
            },
            "dist": {
                "type": "zip",
                "url": "https://api.github.com/repos/symfony/service-contracts/zipball/f040a30e04b57fbcc9c6cbcf4dbaa96bd318b9bb",
                "reference": "f040a30e04b57fbcc9c6cbcf4dbaa96bd318b9bb",
                "shasum": "",
                "mirrors": [
                    {
                        "url": "https://repo.packagist.com/stefnadev/dists/%package%/%version%/r%reference%.%type%",
                        "preferred": true
                    }
                ]
            },
            "require": {
                "php": ">=7.2.5",
                "psr/container": "^1.1"
            },
            "suggest": {
                "symfony/service-implementation": ""
            },
            "type": "library",
            "extra": {
                "branch-alias": {
                    "dev-main": "2.4-dev"
                },
                "thanks": {
                    "name": "symfony/contracts",
                    "url": "https://github.com/symfony/contracts"
                }
            },
            "autoload": {
                "psr-4": {
                    "Symfony\\Contracts\\Service\\": ""
                }
            },
            "notification-url": "https://repo.packagist.com/stefnadev/downloads/",
            "license": [
                "MIT"
            ],
            "authors": [
                {
                    "name": "Nicolas Grekas",
                    "email": "p@tchwork.com"
                },
                {
                    "name": "Symfony Community",
                    "homepage": "https://symfony.com/contributors"
                }
            ],
            "description": "Generic abstractions related to writing services",
            "homepage": "https://symfony.com",
            "keywords": [
                "abstractions",
                "contracts",
                "decoupling",
                "interfaces",
                "interoperability",
                "standards"
            ],
            "support": {
                "source": "https://github.com/symfony/service-contracts/tree/v2.4.0"
            },
            "funding": [
                {
                    "url": "https://symfony.com/sponsor",
                    "type": "custom"
                },
                {
                    "url": "https://github.com/fabpot",
                    "type": "github"
                },
                {
                    "url": "https://tidelift.com/funding/github/packagist/symfony/symfony",
                    "type": "tidelift"
                }
            ],
            "time": "2021-04-01T10:43:52+00:00"
        }
    ],
    "aliases": [],
    "minimum-stability": "stable",
    "stability-flags": [],
    "prefer-stable": false,
    "prefer-lowest": false,
    "platform": [],
    "platform-dev": [],
    "plugin-api-version": "2.1.0"
}
